{
    "name": "toolkit",
    "version": "1.0.0",
    "lockfileVersion": 3,
    "requires": true,
    "packages": {
        "": {
            "name": "toolkit",
            "version": "1.0.0",
            "license": "ISC",
            "devDependencies": {
                "@formkit/addons": "^1.6.5",
                "@formkit/core": "^1.6.5",
                "@formkit/themes": "^1.6.5",
                "@formkit/vue": "^1.6.5",
                "@iconify/vue": "^4.1.2",
                "@vee-validate/zod": "^4.12.4",
                "@vueuse/core": "^10.10.0",
                "axios": "^1.7.2",
                "moveto": "^1.8.2",
                "recaptcha-v3": "^1.10.0",
                "vee-validate": "^4.12.4",
                "vue": "^3.4.27",
                "zod": "^3.22.4"
            }
        },
        "node_modules/@babel/parser": {
            "version": "7.24.7",
            "resolved": "https://registry.npmjs.org/@babel/parser/-/parser-7.24.7.tgz",
            "integrity": "sha512-9uUYRm6OqQrCqQdG1iCBwBPZgN8ciDBro2nIOFaiRz1/BCxaI7CNvQbDHvsArAC7Tw9Hda/B3U+6ui9u4HWXPw==",
            "dev": true,
            "bin": {
                "parser": "bin/babel-parser.js"
            },
            "engines": {
                "node": ">=6.0.0"
            }
        },
        "node_modules/@formkit/addons": {
            "version": "1.6.5",
            "resolved": "https://registry.npmjs.org/@formkit/addons/-/addons-1.6.5.tgz",
            "integrity": "sha512-lI42uFX0a1UV/0J4ZzfuBAdoPykpDLOpH/fPNn6vI8hAKtkbOiStNZDex0r3aam0z3O1vPCtgUtsBCdWBVzxkw==",
            "dev": true,
            "dependencies": {
                "@formkit/auto-animate": "latest",
                "@formkit/core": "1.6.5",
                "@formkit/inputs": "1.6.5",
                "@formkit/utils": "1.6.5"
            }
        },
        "node_modules/@formkit/auto-animate": {
            "version": "0.8.2",
            "resolved": "https://registry.npmjs.org/@formkit/auto-animate/-/auto-animate-0.8.2.tgz",
            "integrity": "sha512-SwPWfeRa5veb1hOIBMdzI+73te5puUBHmqqaF1Bu7FjvxlYSz/kJcZKSa9Cg60zL0uRNeJL2SbRxV6Jp6Q1nFQ==",
            "dev": true
        },
        "node_modules/@formkit/core": {
            "version": "1.6.5",
            "resolved": "https://registry.npmjs.org/@formkit/core/-/core-1.6.5.tgz",
            "integrity": "sha512-LLq8+vLd9ddPYA0NkyvnKycN4ESU8Wqcl9TrllPyU/axduJunSIJMZz4LHzlwK8G26b0pQNegXF/hXaj4wbmng==",
            "dev": true,
            "dependencies": {
                "@formkit/utils": "1.6.5"
            }
        },
        "node_modules/@formkit/dev": {
            "version": "1.6.5",
            "resolved": "https://registry.npmjs.org/@formkit/dev/-/dev-1.6.5.tgz",
            "integrity": "sha512-dg62HTehLPi9lLBShixr9AoYgIv13gpxTZgiHEvf1UZz2HQq0Lcp63d0a+XT/tQ2HTz2ewLUGeXSN9dUVkYFSg==",
            "dev": true,
            "dependencies": {
                "@formkit/core": "1.6.5",
                "@formkit/utils": "1.6.5"
            }
        },
        "node_modules/@formkit/i18n": {
            "version": "1.6.5",
            "resolved": "https://registry.npmjs.org/@formkit/i18n/-/i18n-1.6.5.tgz",
            "integrity": "sha512-mM1UKGSa0Mdd8a8AAF+6BCNFnf8gUD1nOzU6dJ9UoPE8M/qA+hmcPR3PJm39p6e3OaT5O0Gn/J6JxgccPyWmGA==",
            "dev": true,
            "dependencies": {
                "@formkit/core": "1.6.5",
                "@formkit/utils": "1.6.5",
                "@formkit/validation": "1.6.5"
            }
        },
        "node_modules/@formkit/inputs": {
            "version": "1.6.5",
            "resolved": "https://registry.npmjs.org/@formkit/inputs/-/inputs-1.6.5.tgz",
            "integrity": "sha512-mHLMF0JMFZL/JC6NYrG4xaIdi7lUNE+tdC+QMipBdhobUhND0EJSpO6QNPGF6OLd9Zm9MDgqAzNXEtc05/nvow==",
            "dev": true,
            "dependencies": {
                "@formkit/core": "1.6.5",
                "@formkit/utils": "1.6.5"
            }
        },
        "node_modules/@formkit/observer": {
            "version": "1.6.5",
            "resolved": "https://registry.npmjs.org/@formkit/observer/-/observer-1.6.5.tgz",
            "integrity": "sha512-3Vh2Pj6tHX3wosbNm5VvwVVlTI5Zq0FT3dl/+DAuaCG84abpTLoc3O0C2pmbQcDaJ4aCuxu3+tBmhY9J7qFXMQ==",
            "dev": true,
            "dependencies": {
                "@formkit/core": "1.6.5",
                "@formkit/utils": "1.6.5"
            }
        },
        "node_modules/@formkit/rules": {
            "version": "1.6.5",
            "resolved": "https://registry.npmjs.org/@formkit/rules/-/rules-1.6.5.tgz",
            "integrity": "sha512-j9ylAibBvNx+3tEAkYzl2HjQwDzWV2mRPmFH7GTAmtxijFiktPS8HTU9H88H/x2stkYk9S13/MMeqDgZnc3VrQ==",
            "dev": true,
            "dependencies": {
                "@formkit/core": "1.6.5",
                "@formkit/utils": "1.6.5",
                "@formkit/validation": "1.6.5"
            }
        },
        "node_modules/@formkit/themes": {
            "version": "1.6.5",
            "resolved": "https://registry.npmjs.org/@formkit/themes/-/themes-1.6.5.tgz",
            "integrity": "sha512-C+ANzH6qw4zS7niv+RamJAqpASOPfrZvMURVj5HQcT1XlcYB7ULvA9UmDW/AKOqP/OGf/OL6WvOzA7B16UkiiA==",
            "dev": true,
            "dependencies": {
                "@formkit/core": "1.6.5"
            },
            "peerDependencies": {
                "tailwindcss": "^3.2.0",
                "unocss": "0.x.x",
                "windicss": "^3.0.0"
            },
            "peerDependenciesMeta": {
                "tailwindcss": {
                    "optional": true
                },
                "unocss": {
                    "optional": true
                },
                "windicss": {
                    "optional": true
                }
            }
        },
        "node_modules/@formkit/utils": {
            "version": "1.6.5",
            "resolved": "https://registry.npmjs.org/@formkit/utils/-/utils-1.6.5.tgz",
            "integrity": "sha512-fohOg344tqFujHlEwvyHzzH5YiOBgecuOPkg7r7QObUrsH8gP1N8Rp9CHZlafxZ1zAEHZY2nTNx0VVQBkVmJbA==",
            "dev": true
        },
        "node_modules/@formkit/validation": {
            "version": "1.6.5",
            "resolved": "https://registry.npmjs.org/@formkit/validation/-/validation-1.6.5.tgz",
            "integrity": "sha512-mnU+F6uXsNlczbU7QOq6QfsafSYNmMF9zvOpk4ravn9mba0IDXRhkPgU/+VFpcF/EEiXmqQql3pqQ7Vqv2wVbg==",
            "dev": true,
            "dependencies": {
                "@formkit/core": "1.6.5",
                "@formkit/observer": "1.6.5",
                "@formkit/utils": "1.6.5"
            }
        },
        "node_modules/@formkit/vue": {
            "version": "1.6.5",
            "resolved": "https://registry.npmjs.org/@formkit/vue/-/vue-1.6.5.tgz",
            "integrity": "sha512-D5W8JfhFJXUXm8RX0OfPbPZt3Ds68iqxSrvbvmyabae2cBlGl8sqhMEuc48FptnsGOYqYXOhG+CPni+uE72Whw==",
            "dev": true,
            "dependencies": {
                "@formkit/core": "1.6.5",
                "@formkit/dev": "1.6.5",
                "@formkit/i18n": "1.6.5",
                "@formkit/inputs": "1.6.5",
                "@formkit/observer": "1.6.5",
                "@formkit/rules": "1.6.5",
                "@formkit/themes": "1.6.5",
                "@formkit/utils": "1.6.5",
                "@formkit/validation": "1.6.5"
            },
            "peerDependencies": {
                "vue": "^3.4.0"
            }
        },
        "node_modules/@iconify/types": {
            "version": "2.0.0",
            "resolved": "https://registry.npmjs.org/@iconify/types/-/types-2.0.0.tgz",
            "integrity": "sha512-+wluvCrRhXrhyOmRDJ3q8mux9JkKy5SJ/v8ol2tu4FVjyYvtEzkc/3pK15ET6RKg4b4w4BmTk1+gsCUhf21Ykg==",
            "dev": true
        },
        "node_modules/@iconify/vue": {
            "version": "4.1.2",
            "resolved": "https://registry.npmjs.org/@iconify/vue/-/vue-4.1.2.tgz",
            "integrity": "sha512-CQnYqLiQD5LOAaXhBrmj1mdL2/NCJvwcC4jtW2Z8ukhThiFkLDkutarTOV2trfc9EXqUqRs0KqXOL9pZ/IyysA==",
            "dev": true,
            "dependencies": {
                "@iconify/types": "^2.0.0"
            },
            "funding": {
                "url": "https://github.com/sponsors/cyberalien"
            },
            "peerDependencies": {
                "vue": ">=3"
            }
        },
        "node_modules/@jridgewell/sourcemap-codec": {
            "version": "1.4.15",
            "resolved": "https://registry.npmjs.org/@jridgewell/sourcemap-codec/-/sourcemap-codec-1.4.15.tgz",
            "integrity": "sha512-eF2rxCRulEKXHTRiDrDy6erMYWqNw4LPdQ8UQA4huuxaQsVeRPFl2oM8oDGxMFhJUWZf9McpLtJasDDZb/Bpeg==",
            "dev": true
        },
        "node_modules/@types/web-bluetooth": {
            "version": "0.0.20",
            "resolved": "https://registry.npmjs.org/@types/web-bluetooth/-/web-bluetooth-0.0.20.tgz",
            "integrity": "sha512-g9gZnnXVq7gM7v3tJCWV/qw7w+KeOlSHAhgF9RytFyifW6AF61hdT2ucrYhPq9hLs5JIryeupHV3qGk95dH9ow==",
            "dev": true
        },
        "node_modules/@vee-validate/zod": {
            "version": "4.13.1",
            "resolved": "https://registry.npmjs.org/@vee-validate/zod/-/zod-4.13.1.tgz",
            "integrity": "sha512-8QLhY1vFNURT5rJF9GK34Rf9I/4Fx7CmF1rWeLEOYDshLzX0IxD6ByVEnIDl96Bu90A3wJSsZiXZNiv/yOyLbQ==",
            "dev": true,
            "dependencies": {
                "type-fest": "^4.8.3",
                "vee-validate": "4.13.1",
                "zod": "^3.22.4"
            }
        },
        "node_modules/@vue/compiler-core": {
            "version": "3.4.29",
            "resolved": "https://registry.npmjs.org/@vue/compiler-core/-/compiler-core-3.4.29.tgz",
            "integrity": "sha512-TFKiRkKKsRCKvg/jTSSKK7mYLJEQdUiUfykbG49rubC9SfDyvT2JrzTReopWlz2MxqeLyxh9UZhvxEIBgAhtrg==",
            "dev": true,
            "dependencies": {
                "@babel/parser": "^7.24.7",
                "@vue/shared": "3.4.29",
                "entities": "^4.5.0",
                "estree-walker": "^2.0.2",
                "source-map-js": "^1.2.0"
            }
        },
        "node_modules/@vue/compiler-dom": {
            "version": "3.4.29",
            "resolved": "https://registry.npmjs.org/@vue/compiler-dom/-/compiler-dom-3.4.29.tgz",
            "integrity": "sha512-A6+iZ2fKIEGnfPJejdB7b1FlJzgiD+Y/sxxKwJWg1EbJu6ZPgzaPQQ51ESGNv0CP6jm6Z7/pO6Ia8Ze6IKrX7w==",
            "dev": true,
            "dependencies": {
                "@vue/compiler-core": "3.4.29",
                "@vue/shared": "3.4.29"
            }
        },
        "node_modules/@vue/compiler-sfc": {
            "version": "3.4.29",
            "resolved": "https://registry.npmjs.org/@vue/compiler-sfc/-/compiler-sfc-3.4.29.tgz",
            "integrity": "sha512-zygDcEtn8ZimDlrEQyLUovoWgKQic6aEQqRXce2WXBvSeHbEbcAsXyCk9oG33ZkyWH4sl9D3tkYc1idoOkdqZQ==",
            "dev": true,
            "dependencies": {
                "@babel/parser": "^7.24.7",
                "@vue/compiler-core": "3.4.29",
                "@vue/compiler-dom": "3.4.29",
                "@vue/compiler-ssr": "3.4.29",
                "@vue/shared": "3.4.29",
                "estree-walker": "^2.0.2",
                "magic-string": "^0.30.10",
                "postcss": "^8.4.38",
                "source-map-js": "^1.2.0"
            }
        },
        "node_modules/@vue/compiler-ssr": {
            "version": "3.4.29",
            "resolved": "https://registry.npmjs.org/@vue/compiler-ssr/-/compiler-ssr-3.4.29.tgz",
            "integrity": "sha512-rFbwCmxJ16tDp3N8XCx5xSQzjhidYjXllvEcqX/lopkoznlNPz3jyy0WGJCyhAaVQK677WWFt3YO/WUEkMMUFQ==",
            "dev": true,
            "dependencies": {
                "@vue/compiler-dom": "3.4.29",
                "@vue/shared": "3.4.29"
            }
        },
        "node_modules/@vue/devtools-api": {
            "version": "6.6.3",
            "resolved": "https://registry.npmjs.org/@vue/devtools-api/-/devtools-api-6.6.3.tgz",
            "integrity": "sha512-0MiMsFma/HqA6g3KLKn+AGpL1kgKhFWszC9U29NfpWK5LE7bjeXxySWJrOJ77hBz+TBrBQ7o4QJqbPbqbs8rJw==",
            "dev": true
        },
        "node_modules/@vue/reactivity": {
            "version": "3.4.29",
            "resolved": "https://registry.npmjs.org/@vue/reactivity/-/reactivity-3.4.29.tgz",
            "integrity": "sha512-w8+KV+mb1a8ornnGQitnMdLfE0kXmteaxLdccm2XwdFxXst4q/Z7SEboCV5SqJNpZbKFeaRBBJBhW24aJyGINg==",
            "dev": true,
            "dependencies": {
                "@vue/shared": "3.4.29"
            }
        },
        "node_modules/@vue/runtime-core": {
            "version": "3.4.29",
            "resolved": "https://registry.npmjs.org/@vue/runtime-core/-/runtime-core-3.4.29.tgz",
            "integrity": "sha512-s8fmX3YVR/Rk5ig0ic0NuzTNjK2M7iLuVSZyMmCzN/+Mjuqqif1JasCtEtmtoJWF32pAtUjyuT2ljNKNLeOmnQ==",
            "dev": true,
            "dependencies": {
                "@vue/reactivity": "3.4.29",
                "@vue/shared": "3.4.29"
            }
        },
        "node_modules/@vue/runtime-dom": {
            "version": "3.4.29",
            "resolved": "https://registry.npmjs.org/@vue/runtime-dom/-/runtime-dom-3.4.29.tgz",
            "integrity": "sha512-gI10atCrtOLf/2MPPMM+dpz3NGulo9ZZR9d1dWo4fYvm+xkfvRrw1ZmJ7mkWtiJVXSsdmPbcK1p5dZzOCKDN0g==",
            "dev": true,
            "dependencies": {
                "@vue/reactivity": "3.4.29",
                "@vue/runtime-core": "3.4.29",
                "@vue/shared": "3.4.29",
                "csstype": "^3.1.3"
            }
        },
        "node_modules/@vue/server-renderer": {
            "version": "3.4.29",
            "resolved": "https://registry.npmjs.org/@vue/server-renderer/-/server-renderer-3.4.29.tgz",
            "integrity": "sha512-HMLCmPI2j/k8PVkSBysrA2RxcxC5DgBiCdj7n7H2QtR8bQQPqKAe8qoaxLcInzouBmzwJ+J0x20ygN/B5mYBng==",
            "dev": true,
            "dependencies": {
                "@vue/compiler-ssr": "3.4.29",
                "@vue/shared": "3.4.29"
            },
            "peerDependencies": {
                "vue": "3.4.29"
            }
        },
        "node_modules/@vue/shared": {
            "version": "3.4.29",
            "resolved": "https://registry.npmjs.org/@vue/shared/-/shared-3.4.29.tgz",
            "integrity": "sha512-hQ2gAQcBO/CDpC82DCrinJNgOHI2v+FA7BDW4lMSPeBpQ7sRe2OLHWe5cph1s7D8DUQAwRt18dBDfJJ220APEA==",
            "dev": true
        },
        "node_modules/@vueuse/core": {
            "version": "10.11.0",
            "resolved": "https://registry.npmjs.org/@vueuse/core/-/core-10.11.0.tgz",
            "integrity": "sha512-x3sD4Mkm7PJ+pcq3HX8PLPBadXCAlSDR/waK87dz0gQE+qJnaaFhc/dZVfJz+IUYzTMVGum2QlR7ImiJQN4s6g==",
            "dev": true,
            "dependencies": {
                "@types/web-bluetooth": "^0.0.20",
                "@vueuse/metadata": "10.11.0",
                "@vueuse/shared": "10.11.0",
                "vue-demi": ">=0.14.8"
            },
            "funding": {
                "url": "https://github.com/sponsors/antfu"
            }
        },
        "node_modules/@vueuse/core/node_modules/vue-demi": {
            "version": "0.14.8",
            "resolved": "https://registry.npmjs.org/vue-demi/-/vue-demi-0.14.8.tgz",
            "integrity": "sha512-Uuqnk9YE9SsWeReYqK2alDI5YzciATE0r2SkA6iMAtuXvNTMNACJLJEXNXaEy94ECuBe4Sk6RzRU80kjdbIo1Q==",
            "dev": true,
            "hasInstallScript": true,
            "bin": {
                "vue-demi-fix": "bin/vue-demi-fix.js",
                "vue-demi-switch": "bin/vue-demi-switch.js"
            },
            "engines": {
                "node": ">=12"
            },
            "funding": {
                "url": "https://github.com/sponsors/antfu"
            },
            "peerDependencies": {
                "@vue/composition-api": "^1.0.0-rc.1",
                "vue": "^3.0.0-0 || ^2.6.0"
            },
            "peerDependenciesMeta": {
                "@vue/composition-api": {
                    "optional": true
                }
            }
        },
        "node_modules/@vueuse/metadata": {
            "version": "10.11.0",
            "resolved": "https://registry.npmjs.org/@vueuse/metadata/-/metadata-10.11.0.tgz",
            "integrity": "sha512-kQX7l6l8dVWNqlqyN3ePW3KmjCQO3ZMgXuBMddIu83CmucrsBfXlH+JoviYyRBws/yLTQO8g3Pbw+bdIoVm4oQ==",
            "dev": true,
            "funding": {
                "url": "https://github.com/sponsors/antfu"
            }
        },
        "node_modules/@vueuse/shared": {
            "version": "10.11.0",
            "resolved": "https://registry.npmjs.org/@vueuse/shared/-/shared-10.11.0.tgz",
            "integrity": "sha512-fyNoIXEq3PfX1L3NkNhtVQUSRtqYwJtJg+Bp9rIzculIZWHTkKSysujrOk2J+NrRulLTQH9+3gGSfYLWSEWU1A==",
            "dev": true,
            "dependencies": {
                "vue-demi": ">=0.14.8"
            },
            "funding": {
                "url": "https://github.com/sponsors/antfu"
            }
        },
        "node_modules/@vueuse/shared/node_modules/vue-demi": {
            "version": "0.14.8",
            "resolved": "https://registry.npmjs.org/vue-demi/-/vue-demi-0.14.8.tgz",
            "integrity": "sha512-Uuqnk9YE9SsWeReYqK2alDI5YzciATE0r2SkA6iMAtuXvNTMNACJLJEXNXaEy94ECuBe4Sk6RzRU80kjdbIo1Q==",
            "dev": true,
            "hasInstallScript": true,
            "bin": {
                "vue-demi-fix": "bin/vue-demi-fix.js",
                "vue-demi-switch": "bin/vue-demi-switch.js"
            },
            "engines": {
                "node": ">=12"
            },
            "funding": {
                "url": "https://github.com/sponsors/antfu"
            },
            "peerDependencies": {
                "@vue/composition-api": "^1.0.0-rc.1",
                "vue": "^3.0.0-0 || ^2.6.0"
            },
            "peerDependenciesMeta": {
                "@vue/composition-api": {
                    "optional": true
                }
            }
        },
        "node_modules/asynckit": {
            "version": "0.4.0",
            "resolved": "https://registry.npmjs.org/asynckit/-/asynckit-0.4.0.tgz",
            "integrity": "sha512-Oei9OH4tRh0YqU3GxhX79dM/mwVgvbZJaSNaRk+bshkj0S5cfHcgYakreBjrHwatXKbz+IoIdYLxrKim2MjW0Q==",
            "dev": true
        },
        "node_modules/axios": {
            "version": "1.7.2",
            "resolved": "https://registry.npmjs.org/axios/-/axios-1.7.2.tgz",
            "integrity": "sha512-2A8QhOMrbomlDuiLeK9XibIBzuHeRcqqNOHp0Cyp5EoJ1IFDh+XZH3A6BkXtv0K4gFGCI0Y4BM7B1wOEi0Rmgw==",
            "dev": true,
            "dependencies": {
                "follow-redirects": "^1.15.6",
                "form-data": "^4.0.0",
                "proxy-from-env": "^1.1.0"
            }
        },
        "node_modules/combined-stream": {
            "version": "1.0.8",
            "resolved": "https://registry.npmjs.org/combined-stream/-/combined-stream-1.0.8.tgz",
            "integrity": "sha512-FQN4MRfuJeHf7cBbBMJFXhKSDq+2kAArBlmRBvcvFE5BB1HZKXtSFASDhdlz9zOYwxh8lDdnvmMOe/+5cdoEdg==",
            "dev": true,
            "dependencies": {
                "delayed-stream": "~1.0.0"
            },
            "engines": {
                "node": ">= 0.8"
            }
        },
        "node_modules/csstype": {
            "version": "3.1.3",
            "resolved": "https://registry.npmjs.org/csstype/-/csstype-3.1.3.tgz",
            "integrity": "sha512-M1uQkMl8rQK/szD0LNhtqxIPLpimGm8sOBwU7lLnCpSbTyY3yeU1Vc7l4KT5zT4s/yOxHH5O7tIuuLOCnLADRw==",
            "dev": true
        },
        "node_modules/delayed-stream": {
            "version": "1.0.0",
            "resolved": "https://registry.npmjs.org/delayed-stream/-/delayed-stream-1.0.0.tgz",
            "integrity": "sha512-ZySD7Nf91aLB0RxL4KGrKHBXl7Eds1DAmEdcoVawXnLD7SDhpNgtuII2aAkg7a7QS41jxPSZ17p4VdGnMHk3MQ==",
            "dev": true,
            "engines": {
                "node": ">=0.4.0"
            }
        },
        "node_modules/entities": {
            "version": "4.5.0",
            "resolved": "https://registry.npmjs.org/entities/-/entities-4.5.0.tgz",
            "integrity": "sha512-V0hjH4dGPh9Ao5p0MoRY6BVqtwCjhz6vI5LT8AJ55H+4g9/4vbHx1I54fS0XuclLhDHArPQCiMjDxjaL8fPxhw==",
            "dev": true,
            "engines": {
                "node": ">=0.12"
            },
            "funding": {
                "url": "https://github.com/fb55/entities?sponsor=1"
            }
        },
        "node_modules/estree-walker": {
            "version": "2.0.2",
            "resolved": "https://registry.npmjs.org/estree-walker/-/estree-walker-2.0.2.tgz",
            "integrity": "sha512-Rfkk/Mp/DL7JVje3u18FxFujQlTNR2q6QfMSMB7AvCBx91NGj/ba3kCfza0f6dVDbw7YlRf/nDrn7pQrCCyQ/w==",
            "dev": true
        },
        "node_modules/follow-redirects": {
            "version": "1.15.6",
            "resolved": "https://registry.npmjs.org/follow-redirects/-/follow-redirects-1.15.6.tgz",
            "integrity": "sha512-wWN62YITEaOpSK584EZXJafH1AGpO8RVgElfkuXbTOrPX4fIfOyEpW/CsiNd8JdYrAoOvafRTOEnvsO++qCqFA==",
            "dev": true,
            "funding": [
                {
                    "type": "individual",
                    "url": "https://github.com/sponsors/RubenVerborgh"
                }
            ],
            "engines": {
                "node": ">=4.0"
            },
            "peerDependenciesMeta": {
                "debug": {
                    "optional": true
                }
            }
        },
        "node_modules/form-data": {
            "version": "4.0.0",
            "resolved": "https://registry.npmjs.org/form-data/-/form-data-4.0.0.tgz",
            "integrity": "sha512-ETEklSGi5t0QMZuiXoA/Q6vcnxcLQP5vdugSpuAyi6SVGi2clPPp+xgEhuMaHC+zGgn31Kd235W35f7Hykkaww==",
            "dev": true,
            "dependencies": {
                "asynckit": "^0.4.0",
                "combined-stream": "^1.0.8",
                "mime-types": "^2.1.12"
            },
            "engines": {
                "node": ">= 6"
            }
        },
        "node_modules/magic-string": {
            "version": "0.30.10",
            "resolved": "https://registry.npmjs.org/magic-string/-/magic-string-0.30.10.tgz",
            "integrity": "sha512-iIRwTIf0QKV3UAnYK4PU8uiEc4SRh5jX0mwpIwETPpHdhVM4f53RSwS/vXvN1JhGX+Cs7B8qIq3d6AH49O5fAQ==",
            "dev": true,
            "dependencies": {
                "@jridgewell/sourcemap-codec": "^1.4.15"
            }
        },
        "node_modules/mime-db": {
            "version": "1.52.0",
            "resolved": "https://registry.npmjs.org/mime-db/-/mime-db-1.52.0.tgz",
            "integrity": "sha512-sPU4uV7dYlvtWJxwwxHD0PuihVNiE7TyAbQ5SWxDCB9mUYvOgroQOwYQQOKPJ8CIbE+1ETVlOoK1UC2nU3gYvg==",
            "dev": true,
            "engines": {
                "node": ">= 0.6"
            }
        },
        "node_modules/mime-types": {
            "version": "2.1.35",
            "resolved": "https://registry.npmjs.org/mime-types/-/mime-types-2.1.35.tgz",
            "integrity": "sha512-ZDY+bPm5zTTF+YpCrAU9nK0UgICYPT0QtT1NZWFv4s++TNkcgVaT0g6+4R2uI4MjQjzysHB1zxuWL50hzaeXiw==",
            "dev": true,
            "dependencies": {
                "mime-db": "1.52.0"
            },
            "engines": {
                "node": ">= 0.6"
            }
        },
        "node_modules/moveto": {
            "version": "1.8.2",
            "resolved": "https://registry.npmjs.org/moveto/-/moveto-1.8.2.tgz",
            "integrity": "sha512-+8WPr6XOL6AyGJrs/MGyV9ZExt+ifBdWK4TTZq+GSqD9bepYTUuhgUHZVoz8WRqXGaemh0LgpdWdl9OZX5BdHQ==",
            "dev": true,
            "engines": {
                "node": ">=8.9.4"
            }
        },
        "node_modules/nanoid": {
            "version": "3.3.7",
            "resolved": "https://registry.npmjs.org/nanoid/-/nanoid-3.3.7.tgz",
            "integrity": "sha512-eSRppjcPIatRIMC1U6UngP8XFcz8MQWGQdt1MTBQ7NaAmvXDfvNxbvWV3x2y6CdEUciCSsDHDQZbhYaB8QEo2g==",
            "dev": true,
            "funding": [
                {
                    "type": "github",
                    "url": "https://github.com/sponsors/ai"
                }
            ],
            "bin": {
                "nanoid": "bin/nanoid.cjs"
            },
            "engines": {
                "node": "^10 || ^12 || ^13.7 || ^14 || >=15.0.1"
            }
        },
        "node_modules/picocolors": {
            "version": "1.0.1",
            "resolved": "https://registry.npmjs.org/picocolors/-/picocolors-1.0.1.tgz",
            "integrity": "sha512-anP1Z8qwhkbmu7MFP5iTt+wQKXgwzf7zTyGlcdzabySa9vd0Xt392U0rVmz9poOaBj0uHJKyyo9/upk0HrEQew==",
            "dev": true
        },
        "node_modules/postcss": {
            "version": "8.4.38",
            "resolved": "https://registry.npmjs.org/postcss/-/postcss-8.4.38.tgz",
            "integrity": "sha512-Wglpdk03BSfXkHoQa3b/oulrotAkwrlLDRSOb9D0bN86FdRyE9lppSp33aHNPgBa0JKCoB+drFLZkQoRRYae5A==",
            "dev": true,
            "funding": [
                {
                    "type": "opencollective",
                    "url": "https://opencollective.com/postcss/"
                },
                {
                    "type": "tidelift",
                    "url": "https://tidelift.com/funding/github/npm/postcss"
                },
                {
                    "type": "github",
                    "url": "https://github.com/sponsors/ai"
                }
            ],
            "dependencies": {
                "nanoid": "^3.3.7",
                "picocolors": "^1.0.0",
                "source-map-js": "^1.2.0"
            },
            "engines": {
                "node": "^10 || ^12 || >=14"
            }
        },
        "node_modules/proxy-from-env": {
            "version": "1.1.0",
            "resolved": "https://registry.npmjs.org/proxy-from-env/-/proxy-from-env-1.1.0.tgz",
            "integrity": "sha512-D+zkORCbA9f1tdWRK0RaCR3GPv50cMxcrz4X8k5LTSUD1Dkw47mKJEZQNunItRTkWwgtaUSo1RVFRIG9ZXiFYg==",
            "dev": true
        },
        "node_modules/recaptcha-v3": {
            "version": "1.10.0",
            "resolved": "https://registry.npmjs.org/recaptcha-v3/-/recaptcha-v3-1.10.0.tgz",
            "integrity": "sha512-aGTxYSk3FFNKnXeKDbLpgRDRyIHRZNBF5HyaXXAN1Aj4TSyyZvmoAn9CylvpqLV3pYpIQavwc+2rzhNFn5SsLQ==",
            "dev": true
        },
        "node_modules/source-map-js": {
            "version": "1.2.0",
            "resolved": "https://registry.npmjs.org/source-map-js/-/source-map-js-1.2.0.tgz",
            "integrity": "sha512-itJW8lvSA0TXEphiRoawsCksnlf8SyvmFzIhltqAHluXd88pkCd+cXJVHTDwdCr0IzwptSm035IHQktUu1QUMg==",
            "dev": true,
            "engines": {
                "node": ">=0.10.0"
            }
        },
        "node_modules/type-fest": {
            "version": "4.20.1",
            "resolved": "https://registry.npmjs.org/type-fest/-/type-fest-4.20.1.tgz",
            "integrity": "sha512-R6wDsVsoS9xYOpy8vgeBlqpdOyzJ12HNfQhC/aAKWM3YoCV9TtunJzh/QpkMgeDhkoynDcw5f1y+qF9yc/HHyg==",
            "dev": true,
            "engines": {
                "node": ">=16"
            },
            "funding": {
                "url": "https://github.com/sponsors/sindresorhus"
            }
        },
        "node_modules/vee-validate": {
            "version": "4.13.1",
            "resolved": "https://registry.npmjs.org/vee-validate/-/vee-validate-4.13.1.tgz",
            "integrity": "sha512-JAlUWTBHg0z66n+v66mrtE9IC1xmVCggzpyc7UXCNkizVok8Zgt1VAVjobSxA/0N19Zn6v6hRfjoYciYH/Z11Q==",
            "dev": true,
            "dependencies": {
                "@vue/devtools-api": "^6.6.1",
                "type-fest": "^4.8.3"
            },
            "peerDependencies": {
                "vue": "^3.4.26"
            }
        },
        "node_modules/vue": {
            "version": "3.4.29",
            "resolved": "https://registry.npmjs.org/vue/-/vue-3.4.29.tgz",
            "integrity": "sha512-8QUYfRcYzNlYuzKPfge1UWC6nF9ym0lx7mpGVPJYNhddxEf3DD0+kU07NTL0sXuiT2HuJuKr/iEO8WvXvT0RSQ==",
            "dev": true,
            "dependencies": {
                "@vue/compiler-dom": "3.4.29",
                "@vue/compiler-sfc": "3.4.29",
                "@vue/runtime-dom": "3.4.29",
                "@vue/server-renderer": "3.4.29",
                "@vue/shared": "3.4.29"
            },
            "peerDependencies": {
                "typescript": "*"
            },
            "peerDependenciesMeta": {
                "typescript": {
                    "optional": true
                }
            }
        },
        "node_modules/zod": {
            "version": "3.23.8",
            "resolved": "https://registry.npmjs.org/zod/-/zod-3.23.8.tgz",
            "integrity": "sha512-XBx9AXhXktjUqnepgTiE5flcKIYWi/rme0Eaj+5Y0lftuGBq+jyRu/md4WnuxqgP1ubdpNCsYEYPxrzVHD8d6g==",
            "dev": true,
            "funding": {
                "url": "https://github.com/sponsors/colinhacks"
            }
        }
    }
}
