lockfileVersion: '9.0'

settings:
  autoInstallPeers: true
  excludeLinksFromLockfile: false

importers:

  .:
    devDependencies:
      '@formkit/addons':
        specifier: ^1.6.5
        version: 1.6.5
      '@formkit/core':
        specifier: ^1.6.5
        version: 1.6.5
      '@formkit/themes':
        specifier: ^1.6.5
        version: 1.6.5
      '@formkit/vue':
        specifier: ^1.6.5
        version: 1.6.5(vue@3.4.29)
      '@iconify/vue':
        specifier: ^4.1.2
        version: 4.1.2(vue@3.4.29)
      '@vee-validate/zod':
        specifier: ^4.12.4
        version: 4.13.1(vue@3.4.29)
      '@vue/shared':
        specifier: ^3.4.31
        version: 3.4.31
      '@vueuse/core':
        specifier: ^10.10.0
        version: 10.11.0(vue@3.4.29)
      axios:
        specifier: ^1.7.2
        version: 1.7.2
      moveto:
        specifier: ^1.8.2
        version: 1.8.2
      recaptcha-v3:
        specifier: ^1.10.0
        version: 1.10.0
      vee-validate:
        specifier: ^4.12.4
        version: 4.13.1(vue@3.4.29)
      vue:
        specifier: ^3.4.27
        version: 3.4.29
      zod:
        specifier: ^3.22.4
        version: 3.23.8

packages:

  '@babel/helper-string-parser@7.24.7':
    resolution: {integrity: sha512-7MbVt6xrwFQbunH2DNQsAP5sTGxfqQtErvBIvIMi6EQnbgUOuVYanvREcmFrOPhoXBrTtjhhP+lW+o5UfK+tDg==}
    engines: {node: '>=6.9.0'}

  '@babel/helper-validator-identifier@7.24.7':
    resolution: {integrity: sha512-rR+PBcQ1SMQDDyF6X0wxtG8QyLCgUB0eRAGguqRLfkCA87l7yAP7ehq8SNj96OOGTO8OBV70KhuFYcIkHXOg0w==}
    engines: {node: '>=6.9.0'}

  '@babel/parser@7.24.7':
    resolution: {integrity: sha512-9uUYRm6OqQrCqQdG1iCBwBPZgN8ciDBro2nIOFaiRz1/BCxaI7CNvQbDHvsArAC7Tw9Hda/B3U+6ui9u4HWXPw==}
    engines: {node: '>=6.0.0'}
    hasBin: true

  '@babel/types@7.24.7':
    resolution: {integrity: sha512-XEFXSlxiG5td2EJRe8vOmRbaXVgfcBlszKujvVmWIK/UpywWljQCfzAv3RQCGujWQ1RD4YYWEAqDXfuJiy8f5Q==}
    engines: {node: '>=6.9.0'}

  '@formkit/addons@1.6.5':
    resolution: {integrity: sha512-lI42uFX0a1UV/0J4ZzfuBAdoPykpDLOpH/fPNn6vI8hAKtkbOiStNZDex0r3aam0z3O1vPCtgUtsBCdWBVzxkw==}

  '@formkit/auto-animate@0.8.2':
    resolution: {integrity: sha512-SwPWfeRa5veb1hOIBMdzI+73te5puUBHmqqaF1Bu7FjvxlYSz/kJcZKSa9Cg60zL0uRNeJL2SbRxV6Jp6Q1nFQ==}

  '@formkit/core@1.6.5':
    resolution: {integrity: sha512-LLq8+vLd9ddPYA0NkyvnKycN4ESU8Wqcl9TrllPyU/axduJunSIJMZz4LHzlwK8G26b0pQNegXF/hXaj4wbmng==}

  '@formkit/dev@1.6.5':
    resolution: {integrity: sha512-dg62HTehLPi9lLBShixr9AoYgIv13gpxTZgiHEvf1UZz2HQq0Lcp63d0a+XT/tQ2HTz2ewLUGeXSN9dUVkYFSg==}

  '@formkit/i18n@1.6.5':
    resolution: {integrity: sha512-mM1UKGSa0Mdd8a8AAF+6BCNFnf8gUD1nOzU6dJ9UoPE8M/qA+hmcPR3PJm39p6e3OaT5O0Gn/J6JxgccPyWmGA==}

  '@formkit/inputs@1.6.5':
    resolution: {integrity: sha512-mHLMF0JMFZL/JC6NYrG4xaIdi7lUNE+tdC+QMipBdhobUhND0EJSpO6QNPGF6OLd9Zm9MDgqAzNXEtc05/nvow==}

  '@formkit/observer@1.6.5':
    resolution: {integrity: sha512-3Vh2Pj6tHX3wosbNm5VvwVVlTI5Zq0FT3dl/+DAuaCG84abpTLoc3O0C2pmbQcDaJ4aCuxu3+tBmhY9J7qFXMQ==}

  '@formkit/rules@1.6.5':
    resolution: {integrity: sha512-j9ylAibBvNx+3tEAkYzl2HjQwDzWV2mRPmFH7GTAmtxijFiktPS8HTU9H88H/x2stkYk9S13/MMeqDgZnc3VrQ==}

  '@formkit/themes@1.6.5':
    resolution: {integrity: sha512-C+ANzH6qw4zS7niv+RamJAqpASOPfrZvMURVj5HQcT1XlcYB7ULvA9UmDW/AKOqP/OGf/OL6WvOzA7B16UkiiA==}
    peerDependencies:
      tailwindcss: ^3.2.0
      unocss: 0.x.x
      windicss: ^3.0.0
    peerDependenciesMeta:
      tailwindcss:
        optional: true
      unocss:
        optional: true
      windicss:
        optional: true

  '@formkit/utils@1.6.5':
    resolution: {integrity: sha512-fohOg344tqFujHlEwvyHzzH5YiOBgecuOPkg7r7QObUrsH8gP1N8Rp9CHZlafxZ1zAEHZY2nTNx0VVQBkVmJbA==}

  '@formkit/validation@1.6.5':
    resolution: {integrity: sha512-mnU+F6uXsNlczbU7QOq6QfsafSYNmMF9zvOpk4ravn9mba0IDXRhkPgU/+VFpcF/EEiXmqQql3pqQ7Vqv2wVbg==}

  '@formkit/vue@1.6.5':
    resolution: {integrity: sha512-D5W8JfhFJXUXm8RX0OfPbPZt3Ds68iqxSrvbvmyabae2cBlGl8sqhMEuc48FptnsGOYqYXOhG+CPni+uE72Whw==}
    peerDependencies:
      vue: ^3.4.0

  '@iconify/types@2.0.0':
    resolution: {integrity: sha512-+wluvCrRhXrhyOmRDJ3q8mux9JkKy5SJ/v8ol2tu4FVjyYvtEzkc/3pK15ET6RKg4b4w4BmTk1+gsCUhf21Ykg==}

  '@iconify/vue@4.1.2':
    resolution: {integrity: sha512-CQnYqLiQD5LOAaXhBrmj1mdL2/NCJvwcC4jtW2Z8ukhThiFkLDkutarTOV2trfc9EXqUqRs0KqXOL9pZ/IyysA==}
    peerDependencies:
      vue: '>=3'

  '@jridgewell/sourcemap-codec@1.4.15':
    resolution: {integrity: sha512-eF2rxCRulEKXHTRiDrDy6erMYWqNw4LPdQ8UQA4huuxaQsVeRPFl2oM8oDGxMFhJUWZf9McpLtJasDDZb/Bpeg==}

  '@types/web-bluetooth@0.0.20':
    resolution: {integrity: sha512-g9gZnnXVq7gM7v3tJCWV/qw7w+KeOlSHAhgF9RytFyifW6AF61hdT2ucrYhPq9hLs5JIryeupHV3qGk95dH9ow==}

  '@vee-validate/zod@4.13.1':
    resolution: {integrity: sha512-8QLhY1vFNURT5rJF9GK34Rf9I/4Fx7CmF1rWeLEOYDshLzX0IxD6ByVEnIDl96Bu90A3wJSsZiXZNiv/yOyLbQ==}

  '@vue/compiler-core@3.4.29':
    resolution: {integrity: sha512-TFKiRkKKsRCKvg/jTSSKK7mYLJEQdUiUfykbG49rubC9SfDyvT2JrzTReopWlz2MxqeLyxh9UZhvxEIBgAhtrg==}

  '@vue/compiler-dom@3.4.29':
    resolution: {integrity: sha512-A6+iZ2fKIEGnfPJejdB7b1FlJzgiD+Y/sxxKwJWg1EbJu6ZPgzaPQQ51ESGNv0CP6jm6Z7/pO6Ia8Ze6IKrX7w==}

  '@vue/compiler-sfc@3.4.29':
    resolution: {integrity: sha512-zygDcEtn8ZimDlrEQyLUovoWgKQic6aEQqRXce2WXBvSeHbEbcAsXyCk9oG33ZkyWH4sl9D3tkYc1idoOkdqZQ==}

  '@vue/compiler-ssr@3.4.29':
    resolution: {integrity: sha512-rFbwCmxJ16tDp3N8XCx5xSQzjhidYjXllvEcqX/lopkoznlNPz3jyy0WGJCyhAaVQK677WWFt3YO/WUEkMMUFQ==}

  '@vue/devtools-api@6.6.3':
    resolution: {integrity: sha512-0MiMsFma/HqA6g3KLKn+AGpL1kgKhFWszC9U29NfpWK5LE7bjeXxySWJrOJ77hBz+TBrBQ7o4QJqbPbqbs8rJw==}

  '@vue/reactivity@3.4.29':
    resolution: {integrity: sha512-w8+KV+mb1a8ornnGQitnMdLfE0kXmteaxLdccm2XwdFxXst4q/Z7SEboCV5SqJNpZbKFeaRBBJBhW24aJyGINg==}

  '@vue/runtime-core@3.4.29':
    resolution: {integrity: sha512-s8fmX3YVR/Rk5ig0ic0NuzTNjK2M7iLuVSZyMmCzN/+Mjuqqif1JasCtEtmtoJWF32pAtUjyuT2ljNKNLeOmnQ==}

  '@vue/runtime-dom@3.4.29':
    resolution: {integrity: sha512-gI10atCrtOLf/2MPPMM+dpz3NGulo9ZZR9d1dWo4fYvm+xkfvRrw1ZmJ7mkWtiJVXSsdmPbcK1p5dZzOCKDN0g==}

  '@vue/server-renderer@3.4.29':
    resolution: {integrity: sha512-HMLCmPI2j/k8PVkSBysrA2RxcxC5DgBiCdj7n7H2QtR8bQQPqKAe8qoaxLcInzouBmzwJ+J0x20ygN/B5mYBng==}
    peerDependencies:
      vue: 3.4.29

  '@vue/shared@3.4.29':
    resolution: {integrity: sha512-hQ2gAQcBO/CDpC82DCrinJNgOHI2v+FA7BDW4lMSPeBpQ7sRe2OLHWe5cph1s7D8DUQAwRt18dBDfJJ220APEA==}

  '@vue/shared@3.4.31':
    resolution: {integrity: sha512-Yp3wtJk//8cO4NItOPpi3QkLExAr/aLBGZMmTtW9WpdwBCJpRM6zj9WgWktXAl8IDIozwNMByT45JP3tO3ACWA==}

  '@vueuse/core@10.11.0':
    resolution: {integrity: sha512-x3sD4Mkm7PJ+pcq3HX8PLPBadXCAlSDR/waK87dz0gQE+qJnaaFhc/dZVfJz+IUYzTMVGum2QlR7ImiJQN4s6g==}

  '@vueuse/metadata@10.11.0':
    resolution: {integrity: sha512-kQX7l6l8dVWNqlqyN3ePW3KmjCQO3ZMgXuBMddIu83CmucrsBfXlH+JoviYyRBws/yLTQO8g3Pbw+bdIoVm4oQ==}

  '@vueuse/shared@10.11.0':
    resolution: {integrity: sha512-fyNoIXEq3PfX1L3NkNhtVQUSRtqYwJtJg+Bp9rIzculIZWHTkKSysujrOk2J+NrRulLTQH9+3gGSfYLWSEWU1A==}

  asynckit@0.4.0:
    resolution: {integrity: sha512-Oei9OH4tRh0YqU3GxhX79dM/mwVgvbZJaSNaRk+bshkj0S5cfHcgYakreBjrHwatXKbz+IoIdYLxrKim2MjW0Q==}

  axios@1.7.2:
    resolution: {integrity: sha512-2A8QhOMrbomlDuiLeK9XibIBzuHeRcqqNOHp0Cyp5EoJ1IFDh+XZH3A6BkXtv0K4gFGCI0Y4BM7B1wOEi0Rmgw==}

  combined-stream@1.0.8:
    resolution: {integrity: sha512-FQN4MRfuJeHf7cBbBMJFXhKSDq+2kAArBlmRBvcvFE5BB1HZKXtSFASDhdlz9zOYwxh8lDdnvmMOe/+5cdoEdg==}
    engines: {node: '>= 0.8'}

  csstype@3.1.3:
    resolution: {integrity: sha512-M1uQkMl8rQK/szD0LNhtqxIPLpimGm8sOBwU7lLnCpSbTyY3yeU1Vc7l4KT5zT4s/yOxHH5O7tIuuLOCnLADRw==}

  delayed-stream@1.0.0:
    resolution: {integrity: sha512-ZySD7Nf91aLB0RxL4KGrKHBXl7Eds1DAmEdcoVawXnLD7SDhpNgtuII2aAkg7a7QS41jxPSZ17p4VdGnMHk3MQ==}
    engines: {node: '>=0.4.0'}

  entities@4.5.0:
    resolution: {integrity: sha512-V0hjH4dGPh9Ao5p0MoRY6BVqtwCjhz6vI5LT8AJ55H+4g9/4vbHx1I54fS0XuclLhDHArPQCiMjDxjaL8fPxhw==}
    engines: {node: '>=0.12'}

  estree-walker@2.0.2:
    resolution: {integrity: sha512-Rfkk/Mp/DL7JVje3u18FxFujQlTNR2q6QfMSMB7AvCBx91NGj/ba3kCfza0f6dVDbw7YlRf/nDrn7pQrCCyQ/w==}

  follow-redirects@1.15.6:
    resolution: {integrity: sha512-wWN62YITEaOpSK584EZXJafH1AGpO8RVgElfkuXbTOrPX4fIfOyEpW/CsiNd8JdYrAoOvafRTOEnvsO++qCqFA==}
    engines: {node: '>=4.0'}
    peerDependencies:
      debug: '*'
    peerDependenciesMeta:
      debug:
        optional: true

  form-data@4.0.0:
    resolution: {integrity: sha512-ETEklSGi5t0QMZuiXoA/Q6vcnxcLQP5vdugSpuAyi6SVGi2clPPp+xgEhuMaHC+zGgn31Kd235W35f7Hykkaww==}
    engines: {node: '>= 6'}

  magic-string@0.30.10:
    resolution: {integrity: sha512-iIRwTIf0QKV3UAnYK4PU8uiEc4SRh5jX0mwpIwETPpHdhVM4f53RSwS/vXvN1JhGX+Cs7B8qIq3d6AH49O5fAQ==}

  mime-db@1.52.0:
    resolution: {integrity: sha512-sPU4uV7dYlvtWJxwwxHD0PuihVNiE7TyAbQ5SWxDCB9mUYvOgroQOwYQQOKPJ8CIbE+1ETVlOoK1UC2nU3gYvg==}
    engines: {node: '>= 0.6'}

  mime-types@2.1.35:
    resolution: {integrity: sha512-ZDY+bPm5zTTF+YpCrAU9nK0UgICYPT0QtT1NZWFv4s++TNkcgVaT0g6+4R2uI4MjQjzysHB1zxuWL50hzaeXiw==}
    engines: {node: '>= 0.6'}

  moveto@1.8.2:
    resolution: {integrity: sha512-+8WPr6XOL6AyGJrs/MGyV9ZExt+ifBdWK4TTZq+GSqD9bepYTUuhgUHZVoz8WRqXGaemh0LgpdWdl9OZX5BdHQ==}
    engines: {node: '>=8.9.4'}

  nanoid@3.3.7:
    resolution: {integrity: sha512-eSRppjcPIatRIMC1U6UngP8XFcz8MQWGQdt1MTBQ7NaAmvXDfvNxbvWV3x2y6CdEUciCSsDHDQZbhYaB8QEo2g==}
    engines: {node: ^10 || ^12 || ^13.7 || ^14 || >=15.0.1}
    hasBin: true

  picocolors@1.0.1:
    resolution: {integrity: sha512-anP1Z8qwhkbmu7MFP5iTt+wQKXgwzf7zTyGlcdzabySa9vd0Xt392U0rVmz9poOaBj0uHJKyyo9/upk0HrEQew==}

  postcss@8.4.38:
    resolution: {integrity: sha512-Wglpdk03BSfXkHoQa3b/oulrotAkwrlLDRSOb9D0bN86FdRyE9lppSp33aHNPgBa0JKCoB+drFLZkQoRRYae5A==}
    engines: {node: ^10 || ^12 || >=14}

  proxy-from-env@1.1.0:
    resolution: {integrity: sha512-D+zkORCbA9f1tdWRK0RaCR3GPv50cMxcrz4X8k5LTSUD1Dkw47mKJEZQNunItRTkWwgtaUSo1RVFRIG9ZXiFYg==}

  recaptcha-v3@1.10.0:
    resolution: {integrity: sha512-aGTxYSk3FFNKnXeKDbLpgRDRyIHRZNBF5HyaXXAN1Aj4TSyyZvmoAn9CylvpqLV3pYpIQavwc+2rzhNFn5SsLQ==}

  source-map-js@1.2.0:
    resolution: {integrity: sha512-itJW8lvSA0TXEphiRoawsCksnlf8SyvmFzIhltqAHluXd88pkCd+cXJVHTDwdCr0IzwptSm035IHQktUu1QUMg==}
    engines: {node: '>=0.10.0'}

  to-fast-properties@2.0.0:
    resolution: {integrity: sha512-/OaKK0xYrs3DmxRYqL/yDc+FxFUVYhDlXMhRmv3z915w2HF1tnN1omB354j8VUGO/hbRzyD6Y3sA7v7GS/ceog==}
    engines: {node: '>=4'}

  type-fest@4.20.1:
    resolution: {integrity: sha512-R6wDsVsoS9xYOpy8vgeBlqpdOyzJ12HNfQhC/aAKWM3YoCV9TtunJzh/QpkMgeDhkoynDcw5f1y+qF9yc/HHyg==}
    engines: {node: '>=16'}

  vee-validate@4.13.1:
    resolution: {integrity: sha512-JAlUWTBHg0z66n+v66mrtE9IC1xmVCggzpyc7UXCNkizVok8Zgt1VAVjobSxA/0N19Zn6v6hRfjoYciYH/Z11Q==}
    peerDependencies:
      vue: ^3.4.26

  vue-demi@0.14.8:
    resolution: {integrity: sha512-Uuqnk9YE9SsWeReYqK2alDI5YzciATE0r2SkA6iMAtuXvNTMNACJLJEXNXaEy94ECuBe4Sk6RzRU80kjdbIo1Q==}
    engines: {node: '>=12'}
    hasBin: true
    peerDependencies:
      '@vue/composition-api': ^1.0.0-rc.1
      vue: ^3.0.0-0 || ^2.6.0
    peerDependenciesMeta:
      '@vue/composition-api':
        optional: true

  vue@3.4.29:
    resolution: {integrity: sha512-8QUYfRcYzNlYuzKPfge1UWC6nF9ym0lx7mpGVPJYNhddxEf3DD0+kU07NTL0sXuiT2HuJuKr/iEO8WvXvT0RSQ==}
    peerDependencies:
      typescript: '*'
    peerDependenciesMeta:
      typescript:
        optional: true

  zod@3.23.8:
    resolution: {integrity: sha512-XBx9AXhXktjUqnepgTiE5flcKIYWi/rme0Eaj+5Y0lftuGBq+jyRu/md4WnuxqgP1ubdpNCsYEYPxrzVHD8d6g==}

snapshots:

  '@babel/helper-string-parser@7.24.7': {}

  '@babel/helper-validator-identifier@7.24.7': {}

  '@babel/parser@7.24.7':
    dependencies:
      '@babel/types': 7.24.7

  '@babel/types@7.24.7':
    dependencies:
      '@babel/helper-string-parser': 7.24.7
      '@babel/helper-validator-identifier': 7.24.7
      to-fast-properties: 2.0.0

  '@formkit/addons@1.6.5':
    dependencies:
      '@formkit/auto-animate': 0.8.2
      '@formkit/core': 1.6.5
      '@formkit/inputs': 1.6.5
      '@formkit/utils': 1.6.5

  '@formkit/auto-animate@0.8.2': {}

  '@formkit/core@1.6.5':
    dependencies:
      '@formkit/utils': 1.6.5

  '@formkit/dev@1.6.5':
    dependencies:
      '@formkit/core': 1.6.5
      '@formkit/utils': 1.6.5

  '@formkit/i18n@1.6.5':
    dependencies:
      '@formkit/core': 1.6.5
      '@formkit/utils': 1.6.5
      '@formkit/validation': 1.6.5

  '@formkit/inputs@1.6.5':
    dependencies:
      '@formkit/core': 1.6.5
      '@formkit/utils': 1.6.5

  '@formkit/observer@1.6.5':
    dependencies:
      '@formkit/core': 1.6.5
      '@formkit/utils': 1.6.5

  '@formkit/rules@1.6.5':
    dependencies:
      '@formkit/core': 1.6.5
      '@formkit/utils': 1.6.5
      '@formkit/validation': 1.6.5

  '@formkit/themes@1.6.5':
    dependencies:
      '@formkit/core': 1.6.5

  '@formkit/utils@1.6.5': {}

  '@formkit/validation@1.6.5':
    dependencies:
      '@formkit/core': 1.6.5
      '@formkit/observer': 1.6.5
      '@formkit/utils': 1.6.5

  '@formkit/vue@1.6.5(vue@3.4.29)':
    dependencies:
      '@formkit/core': 1.6.5
      '@formkit/dev': 1.6.5
      '@formkit/i18n': 1.6.5
      '@formkit/inputs': 1.6.5
      '@formkit/observer': 1.6.5
      '@formkit/rules': 1.6.5
      '@formkit/themes': 1.6.5
      '@formkit/utils': 1.6.5
      '@formkit/validation': 1.6.5
      vue: 3.4.29
    transitivePeerDependencies:
      - tailwindcss
      - unocss
      - windicss

  '@iconify/types@2.0.0': {}

  '@iconify/vue@4.1.2(vue@3.4.29)':
    dependencies:
      '@iconify/types': 2.0.0
      vue: 3.4.29

  '@jridgewell/sourcemap-codec@1.4.15': {}

  '@types/web-bluetooth@0.0.20': {}

  '@vee-validate/zod@4.13.1(vue@3.4.29)':
    dependencies:
      type-fest: 4.20.1
      vee-validate: 4.13.1(vue@3.4.29)
      zod: 3.23.8
    transitivePeerDependencies:
      - vue

  '@vue/compiler-core@3.4.29':
    dependencies:
      '@babel/parser': 7.24.7
      '@vue/shared': 3.4.29
      entities: 4.5.0
      estree-walker: 2.0.2
      source-map-js: 1.2.0

  '@vue/compiler-dom@3.4.29':
    dependencies:
      '@vue/compiler-core': 3.4.29
      '@vue/shared': 3.4.29

  '@vue/compiler-sfc@3.4.29':
    dependencies:
      '@babel/parser': 7.24.7
      '@vue/compiler-core': 3.4.29
      '@vue/compiler-dom': 3.4.29
      '@vue/compiler-ssr': 3.4.29
      '@vue/shared': 3.4.29
      estree-walker: 2.0.2
      magic-string: 0.30.10
      postcss: 8.4.38
      source-map-js: 1.2.0

  '@vue/compiler-ssr@3.4.29':
    dependencies:
      '@vue/compiler-dom': 3.4.29
      '@vue/shared': 3.4.29

  '@vue/devtools-api@6.6.3': {}

  '@vue/reactivity@3.4.29':
    dependencies:
      '@vue/shared': 3.4.29

  '@vue/runtime-core@3.4.29':
    dependencies:
      '@vue/reactivity': 3.4.29
      '@vue/shared': 3.4.29

  '@vue/runtime-dom@3.4.29':
    dependencies:
      '@vue/reactivity': 3.4.29
      '@vue/runtime-core': 3.4.29
      '@vue/shared': 3.4.29
      csstype: 3.1.3

  '@vue/server-renderer@3.4.29(vue@3.4.29)':
    dependencies:
      '@vue/compiler-ssr': 3.4.29
      '@vue/shared': 3.4.29
      vue: 3.4.29

  '@vue/shared@3.4.29': {}

  '@vue/shared@3.4.31': {}

  '@vueuse/core@10.11.0(vue@3.4.29)':
    dependencies:
      '@types/web-bluetooth': 0.0.20
      '@vueuse/metadata': 10.11.0
      '@vueuse/shared': 10.11.0(vue@3.4.29)
      vue-demi: 0.14.8(vue@3.4.29)
    transitivePeerDependencies:
      - '@vue/composition-api'
      - vue

  '@vueuse/metadata@10.11.0': {}

  '@vueuse/shared@10.11.0(vue@3.4.29)':
    dependencies:
      vue-demi: 0.14.8(vue@3.4.29)
    transitivePeerDependencies:
      - '@vue/composition-api'
      - vue

  asynckit@0.4.0: {}

  axios@1.7.2:
    dependencies:
      follow-redirects: 1.15.6
      form-data: 4.0.0
      proxy-from-env: 1.1.0
    transitivePeerDependencies:
      - debug

  combined-stream@1.0.8:
    dependencies:
      delayed-stream: 1.0.0

  csstype@3.1.3: {}

  delayed-stream@1.0.0: {}

  entities@4.5.0: {}

  estree-walker@2.0.2: {}

  follow-redirects@1.15.6: {}

  form-data@4.0.0:
    dependencies:
      asynckit: 0.4.0
      combined-stream: 1.0.8
      mime-types: 2.1.35

  magic-string@0.30.10:
    dependencies:
      '@jridgewell/sourcemap-codec': 1.4.15

  mime-db@1.52.0: {}

  mime-types@2.1.35:
    dependencies:
      mime-db: 1.52.0

  moveto@1.8.2: {}

  nanoid@3.3.7: {}

  picocolors@1.0.1: {}

  postcss@8.4.38:
    dependencies:
      nanoid: 3.3.7
      picocolors: 1.0.1
      source-map-js: 1.2.0

  proxy-from-env@1.1.0: {}

  recaptcha-v3@1.10.0: {}

  source-map-js@1.2.0: {}

  to-fast-properties@2.0.0: {}

  type-fest@4.20.1: {}

  vee-validate@4.13.1(vue@3.4.29):
    dependencies:
      '@vue/devtools-api': 6.6.3
      type-fest: 4.20.1
      vue: 3.4.29

  vue-demi@0.14.8(vue@3.4.29):
    dependencies:
      vue: 3.4.29

  vue@3.4.29:
    dependencies:
      '@vue/compiler-dom': 3.4.29
      '@vue/compiler-sfc': 3.4.29
      '@vue/runtime-dom': 3.4.29
      '@vue/server-renderer': 3.4.29(vue@3.4.29)
      '@vue/shared': 3.4.29

  zod@3.23.8: {}
